
Microsoft Visual Studio Solution File, Format Version 12.00
# Visual Studio Version 16
VisualStudioVersion = 16.0.30611.23
MinimumVisualStudioVersion = 10.0.40219.1
Project("{8BC9CEB8-8B4A-11D0-8D11-00A0C91BC942}") = "ej1-4", "ej1-4\ej1-4.vcxproj", "{036C6B17-8C3B-434F-A565-EF02334ED5D1}"
	ProjectSection(ProjectDependencies) = postProject
		{65BA23EE-3CA1-49F8-AC7F-29DE3915C89D} = {65BA23EE-3CA1-49F8-AC7F-29DE3915C89D}
	EndProjectSection
EndProject
Project("{8BC9CEB8-8B4A-11D0-8D11-00A0C91BC942}") = "ej1-3", "ej1-3\ej1-3.vcxproj", "{268FC61F-DCCD-4075-BA5E-C340F14481DA}"
	ProjectSection(ProjectDependencies) = postProject
		{65BA23EE-3CA1-49F8-AC7F-29DE3915C89D} = {65BA23EE-3CA1-49F8-AC7F-29DE3915C89D}
	EndProjectSection
EndProject
Project("{8BC9CEB8-8B4A-11D0-8D11-00A0C91BC942}") = "p2", "p2\p2.vcxproj", "{2D8D6D01-01C4-4FEE-A732-8C5A35EB13F9}"
	ProjectSection(ProjectDependencies) = postProject
		{65BA23EE-3CA1-49F8-AC7F-29DE3915C89D} = {65BA23EE-3CA1-49F8-AC7F-29DE3915C89D}
	EndProjectSection
EndProject
Project("{8BC9CEB8-8B4A-11D0-8D11-00A0C91BC942}") = "ej3-3", "ej3-3\ej3-3.vcxproj", "{3D68265F-F52B-4E40-8283-C71C76C06982}"
	ProjectSection(ProjectDependencies) = postProject
		{65BA23EE-3CA1-49F8-AC7F-29DE3915C89D} = {65BA23EE-3CA1-49F8-AC7F-29DE3915C89D}
	EndProjectSection
EndProject
Project("{8BC9CEB8-8B4A-11D0-8D11-00A0C91BC942}") = "gui", "gui\gui.vcxproj", "{4E499641-DAF3-44B9-8E47-031516FB73E1}"
	ProjectSection(ProjectDependencies) = postProject
		{65BA23EE-3CA1-49F8-AC7F-29DE3915C89D} = {65BA23EE-3CA1-49F8-AC7F-29DE3915C89D}
	EndProjectSection
EndProject
Project("{8BC9CEB8-8B4A-11D0-8D11-00A0C91BC942}") = "p1", "p1\p1.vcxproj", "{65209F6A-EB33-40E7-A714-A87978661E8D}"
	ProjectSection(ProjectDependencies) = postProject
		{65BA23EE-3CA1-49F8-AC7F-29DE3915C89D} = {65BA23EE-3CA1-49F8-AC7F-29DE3915C89D}
	EndProjectSection
EndProject
Project("{8BC9CEB8-8B4A-11D0-8D11-00A0C91BC942}") = "PGUPV", "PGUPV\PGUPV.vcxproj", "{65BA23EE-3CA1-49F8-AC7F-29DE3915C89D}"
EndProject
Project("{8BC9CEB8-8B4A-11D0-8D11-00A0C91BC942}") = "ej3-2", "ej3-2\ej3-2.vcxproj", "{65D0D74F-3A82-4E68-BD7A-E6D887EF1624}"
	ProjectSection(ProjectDependencies) = postProject
		{65BA23EE-3CA1-49F8-AC7F-29DE3915C89D} = {65BA23EE-3CA1-49F8-AC7F-29DE3915C89D}
	EndProjectSection
EndProject
Project("{2150E333-8FDC-42A3-9474-1A3956D46DE8}") = "Ejemplos", "Ejemplos", "{6C867E42-F1B8-4831-B84A-A05B22646D54}"
EndProject
Project("{8BC9CEB8-8B4A-11D0-8D11-00A0C91BC942}") = "ej1-1", "ej1-1\ej1-1.vcxproj", "{8EF116A6-14EB-4BD0-85F8-8195D2A88277}"
	ProjectSection(ProjectDependencies) = postProject
		{65BA23EE-3CA1-49F8-AC7F-29DE3915C89D} = {65BA23EE-3CA1-49F8-AC7F-29DE3915C89D}
	EndProjectSection
EndProject
Project("{8BC9CEB8-8B4A-11D0-8D11-00A0C91BC942}") = "ej3-1", "ej3-1\ej3-1.vcxproj", "{98295795-C99D-4191-AE29-EF23E6C24284}"
	ProjectSection(ProjectDependencies) = postProject
		{65BA23EE-3CA1-49F8-AC7F-29DE3915C89D} = {65BA23EE-3CA1-49F8-AC7F-29DE3915C89D}
	EndProjectSection
EndProject
Project("{8BC9CEB8-8B4A-11D0-8D11-00A0C91BC942}") = "ej2-3", "ej2-3\ej2-3.vcxproj", "{B6E0B069-EBC2-4249-9BCD-5D1C7356D392}"
	ProjectSection(ProjectDependencies) = postProject
		{65BA23EE-3CA1-49F8-AC7F-29DE3915C89D} = {65BA23EE-3CA1-49F8-AC7F-29DE3915C89D}
	EndProjectSection
EndProject
Project("{8BC9CEB8-8B4A-11D0-8D11-00A0C91BC942}") = "ej2-2", "ej2-2\ej2-2.vcxproj", "{BA4D3062-8911-4F4F-B13C-CA9A74B6DA01}"
	ProjectSection(ProjectDependencies) = postProject
		{65BA23EE-3CA1-49F8-AC7F-29DE3915C89D} = {65BA23EE-3CA1-49F8-AC7F-29DE3915C89D}
	EndProjectSection
EndProject
Project("{8BC9CEB8-8B4A-11D0-8D11-00A0C91BC942}") = "ej2-1", "ej2-1\ej2-1.vcxproj", "{D1AC371B-88D3-4B2B-8FC3-EE6B3F8CF67C}"
	ProjectSection(ProjectDependencies) = postProject
		{65BA23EE-3CA1-49F8-AC7F-29DE3915C89D} = {65BA23EE-3CA1-49F8-AC7F-29DE3915C89D}
	EndProjectSection
EndProject
Project("{8BC9CEB8-8B4A-11D0-8D11-00A0C91BC942}") = "ej3-4", "ej3-4\ej3-4.vcxproj", "{D2E52C85-C22A-4DD8-988D-9FE92EAF0C66}"
	ProjectSection(ProjectDependencies) = postProject
		{65BA23EE-3CA1-49F8-AC7F-29DE3915C89D} = {65BA23EE-3CA1-49F8-AC7F-29DE3915C89D}
	EndProjectSection
EndProject
Project("{8BC9CEB8-8B4A-11D0-8D11-00A0C91BC942}") = "ej2-5", "ej2-5\ej2-5.vcxproj", "{D5E97356-D99E-4371-B88D-B05028D0AEFD}"
	ProjectSection(ProjectDependencies) = postProject
		{65BA23EE-3CA1-49F8-AC7F-29DE3915C89D} = {65BA23EE-3CA1-49F8-AC7F-29DE3915C89D}
	EndProjectSection
EndProject
Project("{8BC9CEB8-8B4A-11D0-8D11-00A0C91BC942}") = "p0", "p0\p0.vcxproj", "{DDC11E99-5AC0-466F-B9FC-ADB5E99A9061}"
	ProjectSection(ProjectDependencies) = postProject
		{65BA23EE-3CA1-49F8-AC7F-29DE3915C89D} = {65BA23EE-3CA1-49F8-AC7F-29DE3915C89D}
	EndProjectSection
EndProject
Project("{8BC9CEB8-8B4A-11D0-8D11-00A0C91BC942}") = "ej1-2", "ej1-2\ej1-2.vcxproj", "{E53BCC9E-451D-4C84-8B9B-C0A0A6E898AA}"
	ProjectSection(ProjectDependencies) = postProject
		{65BA23EE-3CA1-49F8-AC7F-29DE3915C89D} = {65BA23EE-3CA1-49F8-AC7F-29DE3915C89D}
	EndProjectSection
EndProject
Project("{2150E333-8FDC-42A3-9474-1A3956D46DE8}") = "Ejercicios", "Ejercicios", "{E82E44E1-33C2-409B-BDD0-87CEA259DD8B}"
EndProject
Project("{8BC9CEB8-8B4A-11D0-8D11-00A0C91BC942}") = "ej2-6", "ej2-6\ej2-6.vcxproj", "{F328C00B-4B54-4B5B-B258-AC1ACDF2E22D}"
	ProjectSection(ProjectDependencies) = postProject
		{65BA23EE-3CA1-49F8-AC7F-29DE3915C89D} = {65BA23EE-3CA1-49F8-AC7F-29DE3915C89D}
	EndProjectSection
EndProject
Project("{8BC9CEB8-8B4A-11D0-8D11-00A0C91BC942}") = "ej2-4", "ej2-4\ej2-4.vcxproj", "{FBB2727F-4CB1-4623-BEDA-3E719FE827BF}"
	ProjectSection(ProjectDependencies) = postProject
		{65BA23EE-3CA1-49F8-AC7F-29DE3915C89D} = {65BA23EE-3CA1-49F8-AC7F-29DE3915C89D}
	EndProjectSection
EndProject
Global
	GlobalSection(SolutionConfigurationPlatforms) = preSolution
		Debug|x64 = Debug|x64
		Debug|x86 = Debug|x86
		Release|x64 = Release|x64
		Release|x86 = Release|x86
	EndGlobalSection
	GlobalSection(ProjectConfigurationPlatforms) = postSolution
		{036C6B17-8C3B-434F-A565-EF02334ED5D1}.Debug|x64.ActiveCfg = Debug|x64
		{036C6B17-8C3B-434F-A565-EF02334ED5D1}.Debug|x64.Build.0 = Debug|x64
		{036C6B17-8C3B-434F-A565-EF02334ED5D1}.Debug|x86.ActiveCfg = Debug|x64
		{036C6B17-8C3B-434F-A565-EF02334ED5D1}.Release|x64.ActiveCfg = Release|x64
		{036C6B17-8C3B-434F-A565-EF02334ED5D1}.Release|x64.Build.0 = Release|x64
		{036C6B17-8C3B-434F-A565-EF02334ED5D1}.Release|x86.ActiveCfg = Release|x64
		{268FC61F-DCCD-4075-BA5E-C340F14481DA}.Debug|x64.ActiveCfg = Debug|x64
		{268FC61F-DCCD-4075-BA5E-C340F14481DA}.Debug|x64.Build.0 = Debug|x64
		{268FC61F-DCCD-4075-BA5E-C340F14481DA}.Debug|x86.ActiveCfg = Debug|x64
		{268FC61F-DCCD-4075-BA5E-C340F14481DA}.Release|x64.ActiveCfg = Release|x64
		{268FC61F-DCCD-4075-BA5E-C340F14481DA}.Release|x64.Build.0 = Release|x64
		{268FC61F-DCCD-4075-BA5E-C340F14481DA}.Release|x86.ActiveCfg = Release|x64
		{2D8D6D01-01C4-4FEE-A732-8C5A35EB13F9}.Debug|x64.ActiveCfg = Debug|x64
		{2D8D6D01-01C4-4FEE-A732-8C5A35EB13F9}.Debug|x64.Build.0 = Debug|x64
		{2D8D6D01-01C4-4FEE-A732-8C5A35EB13F9}.Debug|x86.ActiveCfg = Debug|Win32
		{2D8D6D01-01C4-4FEE-A732-8C5A35EB13F9}.Debug|x86.Build.0 = Debug|Win32
		{2D8D6D01-01C4-4FEE-A732-8C5A35EB13F9}.Release|x64.ActiveCfg = Release|x64
		{2D8D6D01-01C4-4FEE-A732-8C5A35EB13F9}.Release|x64.Build.0 = Release|x64
		{2D8D6D01-01C4-4FEE-A732-8C5A35EB13F9}.Release|x86.ActiveCfg = Release|Win32
		{2D8D6D01-01C4-4FEE-A732-8C5A35EB13F9}.Release|x86.Build.0 = Release|Win32
		{3D68265F-F52B-4E40-8283-C71C76C06982}.Debug|x64.ActiveCfg = Debug|x64
		{3D68265F-F52B-4E40-8283-C71C76C06982}.Debug|x64.Build.0 = Debug|x64
		{3D68265F-F52B-4E40-8283-C71C76C06982}.Debug|x86.ActiveCfg = Debug|x64
		{3D68265F-F52B-4E40-8283-C71C76C06982}.Release|x64.ActiveCfg = Release|x64
		{3D68265F-F52B-4E40-8283-C71C76C06982}.Release|x64.Build.0 = Release|x64
		{3D68265F-F52B-4E40-8283-C71C76C06982}.Release|x86.ActiveCfg = Release|x64
		{4E499641-DAF3-44B9-8E47-031516FB73E1}.Debug|x64.ActiveCfg = Debug|x64
		{4E499641-DAF3-44B9-8E47-031516FB73E1}.Debug|x64.Build.0 = Debug|x64
		{4E499641-DAF3-44B9-8E47-031516FB73E1}.Debug|x86.ActiveCfg = Debug|Win32
		{4E499641-DAF3-44B9-8E47-031516FB73E1}.Debug|x86.Build.0 = Debug|Win32
		{4E499641-DAF3-44B9-8E47-031516FB73E1}.Release|x64.ActiveCfg = Release|x64
		{4E499641-DAF3-44B9-8E47-031516FB73E1}.Release|x64.Build.0 = Release|x64
		{4E499641-DAF3-44B9-8E47-031516FB73E1}.Release|x86.ActiveCfg = Release|Win32
		{4E499641-DAF3-44B9-8E47-031516FB73E1}.Release|x86.Build.0 = Release|Win32
		{65209F6A-EB33-40E7-A714-A87978661E8D}.Debug|x64.ActiveCfg = Debug|x64
		{65209F6A-EB33-40E7-A714-A87978661E8D}.Debug|x64.Build.0 = Debug|x64
		{65209F6A-EB33-40E7-A714-A87978661E8D}.Debug|x86.ActiveCfg = Debug|x64
		{65209F6A-EB33-40E7-A714-A87978661E8D}.Release|x64.ActiveCfg = Release|x64
		{65209F6A-EB33-40E7-A714-A87978661E8D}.Release|x64.Build.0 = Release|x64
		{65209F6A-EB33-40E7-A714-A87978661E8D}.Release|x86.ActiveCfg = Release|x64
		{65BA23EE-3CA1-49F8-AC7F-29DE3915C89D}.Debug|x64.ActiveCfg = Debug|x64
		{65BA23EE-3CA1-49F8-AC7F-29DE3915C89D}.Debug|x64.Build.0 = Debug|x64
		{65BA23EE-3CA1-49F8-AC7F-29DE3915C89D}.Debug|x86.ActiveCfg = Debug|x64
		{65BA23EE-3CA1-49F8-AC7F-29DE3915C89D}.Release|x64.ActiveCfg = Release|x64
		{65BA23EE-3CA1-49F8-AC7F-29DE3915C89D}.Release|x64.Build.0 = Release|x64
		{65BA23EE-3CA1-49F8-AC7F-29DE3915C89D}.Release|x86.ActiveCfg = Release|x64
		{65D0D74F-3A82-4E68-BD7A-E6D887EF1624}.Debug|x64.ActiveCfg = Debug|x64
		{65D0D74F-3A82-4E68-BD7A-E6D887EF1624}.Debug|x64.Build.0 = Debug|x64
		{65D0D74F-3A82-4E68-BD7A-E6D887EF1624}.Debug|x86.ActiveCfg = Debug|x64
		{65D0D74F-3A82-4E68-BD7A-E6D887EF1624}.Release|x64.ActiveCfg = Release|x64
		{65D0D74F-3A82-4E68-BD7A-E6D887EF1624}.Release|x64.Build.0 = Release|x64
		{65D0D74F-3A82-4E68-BD7A-E6D887EF1624}.Release|x86.ActiveCfg = Release|x64
		{8EF116A6-14EB-4BD0-85F8-8195D2A88277}.Debug|x64.ActiveCfg = Debug|x64
		{8EF116A6-14EB-4BD0-85F8-8195D2A88277}.Debug|x64.Build.0 = Debug|x64
		{8EF116A6-14EB-4BD0-85F8-8195D2A88277}.Debug|x86.ActiveCfg = Debug|x64
		{8EF116A6-14EB-4BD0-85F8-8195D2A88277}.Release|x64.ActiveCfg = Release|x64
		{8EF116A6-14EB-4BD0-85F8-8195D2A88277}.Release|x64.Build.0 = Release|x64
		{8EF116A6-14EB-4BD0-85F8-8195D2A88277}.Release|x86.ActiveCfg = Release|x64
		{98295795-C99D-4191-AE29-EF23E6C24284}.Debug|x64.ActiveCfg = Debug|x64
		{98295795-C99D-4191-AE29-EF23E6C24284}.Debug|x64.Build.0 = Debug|x64
		{98295795-C99D-4191-AE29-EF23E6C24284}.Debug|x86.ActiveCfg = Debug|x64
		{98295795-C99D-4191-AE29-EF23E6C24284}.Release|x64.ActiveCfg = Release|x64
		{98295795-C99D-4191-AE29-EF23E6C24284}.Release|x64.Build.0 = Release|x64
		{98295795-C99D-4191-AE29-EF23E6C24284}.Release|x86.ActiveCfg = Release|x64
		{B6E0B069-EBC2-4249-9BCD-5D1C7356D392}.Debug|x64.ActiveCfg = Debug|x64
		{B6E0B069-EBC2-4249-9BCD-5D1C7356D392}.Debug|x64.Build.0 = Debug|x64
		{B6E0B069-EBC2-4249-9BCD-5D1C7356D392}.Debug|x86.ActiveCfg = Debug|x64
		{B6E0B069-EBC2-4249-9BCD-5D1C7356D392}.Release|x64.ActiveCfg = Release|x64
		{B6E0B069-EBC2-4249-9BCD-5D1C7356D392}.Release|x64.Build.0 = Release|x64
		{B6E0B069-EBC2-4249-9BCD-5D1C7356D392}.Release|x86.ActiveCfg = Release|x64
		{BA4D3062-8911-4F4F-B13C-CA9A74B6DA01}.Debug|x64.ActiveCfg = Debug|x64
		{BA4D3062-8911-4F4F-B13C-CA9A74B6DA01}.Debug|x64.Build.0 = Debug|x64
		{BA4D3062-8911-4F4F-B13C-CA9A74B6DA01}.Debug|x86.ActiveCfg = Debug|Win32
		{BA4D3062-8911-4F4F-B13C-CA9A74B6DA01}.Debug|x86.Build.0 = Debug|Win32
		{BA4D3062-8911-4F4F-B13C-CA9A74B6DA01}.Release|x64.ActiveCfg = Release|x64
		{BA4D3062-8911-4F4F-B13C-CA9A74B6DA01}.Release|x64.Build.0 = Release|x64
		{BA4D3062-8911-4F4F-B13C-CA9A74B6DA01}.Release|x86.ActiveCfg = Release|Win32
		{BA4D3062-8911-4F4F-B13C-CA9A74B6DA01}.Release|x86.Build.0 = Release|Win32
		{D1AC371B-88D3-4B2B-8FC3-EE6B3F8CF67C}.Debug|x64.ActiveCfg = Debug|x64
		{D1AC371B-88D3-4B2B-8FC3-EE6B3F8CF67C}.Debug|x64.Build.0 = Debug|x64
		{D1AC371B-88D3-4B2B-8FC3-EE6B3F8CF67C}.Debug|x86.ActiveCfg = Debug|Win32
		{D1AC371B-88D3-4B2B-8FC3-EE6B3F8CF67C}.Debug|x86.Build.0 = Debug|Win32
		{D1AC371B-88D3-4B2B-8FC3-EE6B3F8CF67C}.Release|x64.ActiveCfg = Release|x64
		{D1AC371B-88D3-4B2B-8FC3-EE6B3F8CF67C}.Release|x64.Build.0 = Release|x64
		{D1AC371B-88D3-4B2B-8FC3-EE6B3F8CF67C}.Release|x86.ActiveCfg = Release|Win32
		{D1AC371B-88D3-4B2B-8FC3-EE6B3F8CF67C}.Release|x86.Build.0 = Release|Win32
		{D2E52C85-C22A-4DD8-988D-9FE92EAF0C66}.Debug|x64.ActiveCfg = Debug|x64
		{D2E52C85-C22A-4DD8-988D-9FE92EAF0C66}.Debug|x64.Build.0 = Debug|x64
		{D2E52C85-C22A-4DD8-988D-9FE92EAF0C66}.Debug|x86.ActiveCfg = Debug|x64
		{D2E52C85-C22A-4DD8-988D-9FE92EAF0C66}.Release|x64.ActiveCfg = Release|x64
		{D2E52C85-C22A-4DD8-988D-9FE92EAF0C66}.Release|x64.Build.0 = Release|x64
		{D2E52C85-C22A-4DD8-988D-9FE92EAF0C66}.Release|x86.ActiveCfg = Release|x64
		{D5E97356-D99E-4371-B88D-B05028D0AEFD}.Debug|x64.ActiveCfg = Debug|x64
		{D5E97356-D99E-4371-B88D-B05028D0AEFD}.Debug|x64.Build.0 = Debug|x64
		{D5E97356-D99E-4371-B88D-B05028D0AEFD}.Debug|x86.ActiveCfg = Debug|Win32
		{D5E97356-D99E-4371-B88D-B05028D0AEFD}.Debug|x86.Build.0 = Debug|Win32
		{D5E97356-D99E-4371-B88D-B05028D0AEFD}.Release|x64.ActiveCfg = Release|x64
		{D5E97356-D99E-4371-B88D-B05028D0AEFD}.Release|x64.Build.0 = Release|x64
		{D5E97356-D99E-4371-B88D-B05028D0AEFD}.Release|x86.ActiveCfg = Release|Win32
		{D5E97356-D99E-4371-B88D-B05028D0AEFD}.Release|x86.Build.0 = Release|Win32
		{DDC11E99-5AC0-466F-B9FC-ADB5E99A9061}.Debug|x64.ActiveCfg = Debug|x64
		{DDC11E99-5AC0-466F-B9FC-ADB5E99A9061}.Debug|x64.Build.0 = Debug|x64
		{DDC11E99-5AC0-466F-B9FC-ADB5E99A9061}.Debug|x86.ActiveCfg = Debug|x64
		{DDC11E99-5AC0-466F-B9FC-ADB5E99A9061}.Release|x64.ActiveCfg = Release|x64
		{DDC11E99-5AC0-466F-B9FC-ADB5E99A9061}.Release|x64.Build.0 = Release|x64
		{DDC11E99-5AC0-466F-B9FC-ADB5E99A9061}.Release|x86.ActiveCfg = Release|x64
		{E53BCC9E-451D-4C84-8B9B-C0A0A6E898AA}.Debug|x64.ActiveCfg = Debug|x64
		{E53BCC9E-451D-4C84-8B9B-C0A0A6E898AA}.Debug|x64.Build.0 = Debug|x64
		{E53BCC9E-451D-4C84-8B9B-C0A0A6E898AA}.Debug|x86.ActiveCfg = Debug|x64
		{E53BCC9E-451D-4C84-8B9B-C0A0A6E898AA}.Release|x64.ActiveCfg = Release|x64
		{E53BCC9E-451D-4C84-8B9B-C0A0A6E898AA}.Release|x64.Build.0 = Release|x64
		{E53BCC9E-451D-4C84-8B9B-C0A0A6E898AA}.Release|x86.ActiveCfg = Release|x64
		{F328C00B-4B54-4B5B-B258-AC1ACDF2E22D}.Debug|x64.ActiveCfg = Debug|x64
		{F328C00B-4B54-4B5B-B258-AC1ACDF2E22D}.Debug|x64.Build.0 = Debug|x64
		{F328C00B-4B54-4B5B-B258-AC1ACDF2E22D}.Debug|x86.ActiveCfg = Debug|Win32
		{F328C00B-4B54-4B5B-B258-AC1ACDF2E22D}.Debug|x86.Build.0 = Debug|Win32
		{F328C00B-4B54-4B5B-B258-AC1ACDF2E22D}.Release|x64.ActiveCfg = Release|x64
		{F328C00B-4B54-4B5B-B258-AC1ACDF2E22D}.Release|x64.Build.0 = Release|x64
		{F328C00B-4B54-4B5B-B258-AC1ACDF2E22D}.Release|x86.ActiveCfg = Release|Win32
		{F328C00B-4B54-4B5B-B258-AC1ACDF2E22D}.Release|x86.Build.0 = Release|Win32
		{FBB2727F-4CB1-4623-BEDA-3E719FE827BF}.Debug|x64.ActiveCfg = Debug|x64
		{FBB2727F-4CB1-4623-BEDA-3E719FE827BF}.Debug|x64.Build.0 = Debug|x64
		{FBB2727F-4CB1-4623-BEDA-3E719FE827BF}.Debug|x86.ActiveCfg = Debug|Win32
		{FBB2727F-4CB1-4623-BEDA-3E719FE827BF}.Debug|x86.Build.0 = Debug|Win32
		{FBB2727F-4CB1-4623-BEDA-3E719FE827BF}.Release|x64.ActiveCfg = Release|x64
		{FBB2727F-4CB1-4623-BEDA-3E719FE827BF}.Release|x64.Build.0 = Release|x64
		{FBB2727F-4CB1-4623-BEDA-3E719FE827BF}.Release|x86.ActiveCfg = Release|Win32
		{FBB2727F-4CB1-4623-BEDA-3E719FE827BF}.Release|x86.Build.0 = Release|Win32
	EndGlobalSection
	GlobalSection(SolutionProperties) = preSolution
		HideSolutionNode = FALSE
	EndGlobalSection
	GlobalSection(NestedProjects) = preSolution
		{8EF116A6-14EB-4BD0-85F8-8195D2A88277} = {6C867E42-F1B8-4831-B84A-A05B22646D54}
		{E53BCC9E-451D-4C84-8B9B-C0A0A6E898AA} = {6C867E42-F1B8-4831-B84A-A05B22646D54}
		{268FC61F-DCCD-4075-BA5E-C340F14481DA} = {6C867E42-F1B8-4831-B84A-A05B22646D54}
		{65209F6A-EB33-40E7-A714-A87978661E8D} = {E82E44E1-33C2-409B-BDD0-87CEA259DD8B}
		{D1AC371B-88D3-4B2B-8FC3-EE6B3F8CF67C} = {6C867E42-F1B8-4831-B84A-A05B22646D54}
		{2D8D6D01-01C4-4FEE-A732-8C5A35EB13F9} = {E82E44E1-33C2-409B-BDD0-87CEA259DD8B}
		{BA4D3062-8911-4F4F-B13C-CA9A74B6DA01} = {6C867E42-F1B8-4831-B84A-A05B22646D54}
		{DDC11E99-5AC0-466F-B9FC-ADB5E99A9061} = {E82E44E1-33C2-409B-BDD0-87CEA259DD8B}
		{036C6B17-8C3B-434F-A565-EF02334ED5D1} = {6C867E42-F1B8-4831-B84A-A05B22646D54}
		{B6E0B069-EBC2-4249-9BCD-5D1C7356D392} = {6C867E42-F1B8-4831-B84A-A05B22646D54}
		{4E499641-DAF3-44B9-8E47-031516FB73E1} = {6C867E42-F1B8-4831-B84A-A05B22646D54}
		{FBB2727F-4CB1-4623-BEDA-3E719FE827BF} = {6C867E42-F1B8-4831-B84A-A05B22646D54}
		{D5E97356-D99E-4371-B88D-B05028D0AEFD} = {6C867E42-F1B8-4831-B84A-A05B22646D54}
		{F328C00B-4B54-4B5B-B258-AC1ACDF2E22D} = {6C867E42-F1B8-4831-B84A-A05B22646D54}
		{98295795-C99D-4191-AE29-EF23E6C24284} = {6C867E42-F1B8-4831-B84A-A05B22646D54}
		{65D0D74F-3A82-4E68-BD7A-E6D887EF1624} = {6C867E42-F1B8-4831-B84A-A05B22646D54}
		{3D68265F-F52B-4E40-8283-C71C76C06982} = {6C867E42-F1B8-4831-B84A-A05B22646D54}
		{D2E52C85-C22A-4DD8-988D-9FE92EAF0C66} = {6C867E42-F1B8-4831-B84A-A05B22646D54}
	EndGlobalSection
	GlobalSection(ExtensibilityGlobals) = postSolution
		SolutionGuid = {3BD56D0F-015C-4D14-8EA1-A8EB246E394D}
	EndGlobalSection
EndGlobal
